
Microsoft Visual Studio Solution File, Format Version 12.00
# Visual Studio Version 17
VisualStudioVersion = 17.7.34031.279
MinimumVisualStudioVersion = 10.0.40219.1
Project("{FAE04EC0-301F-11D3-BF4B-00C04F79EFBC}") = "ImageSource Bug", "ImageSource Bug\ImageSource Bug.csproj", "{0064CE29-CE15-4BC2-8E61-1D0A686D635A}"
EndProject
Global
	GlobalSection(SolutionConfigurationPlatforms) = preSolution
		Debug|Any CPU = Debug|Any CPU
		Release|Any CPU = Release|Any CPU
	EndGlobalSection
	GlobalSection(ProjectConfigurationPlatforms) = postSolution
		{0064CE29-CE15-4BC2-8E61-1D0A686D635A}.Debug|Any CPU.ActiveCfg = Debug|Any CPU
		{0064CE29-CE15-4BC2-8E61-1D0A686D635A}.Debug|Any CPU.Build.0 = Debug|Any CPU
		{0064CE29-CE15-4BC2-8E61-1D0A686D635A}.Debug|Any CPU.Deploy.0 = Debug|Any CPU
		{0064CE29-CE15-4BC2-8E61-1D0A686D635A}.Release|Any CPU.ActiveCfg = Release|Any CPU
		{0064CE29-CE15-4BC2-8E61-1D0A686D635A}.Release|Any CPU.Build.0 = Release|Any CPU
		{0064CE29-CE15-4BC2-8E61-1D0A686D635A}.Release|Any CPU.Deploy.0 = Release|Any CPU
	EndGlobalSection
	GlobalSection(SolutionProperties) = preSolution
		HideSolutionNode = FALSE
	EndGlobalSection
	GlobalSection(ExtensibilityGlobals) = postSolution
		SolutionGuid = {FEDE810C-AFCC-45E1-B892-68A5E842BA8A}
	EndGlobalSection
EndGlobal
